
Microsoft Visual Studio Solution File, Format Version 12.00
# Visual Studio Version 17
VisualStudioVersion = 17.5.33516.290
MinimumVisualStudioVersion = 10.0.40219.1
Project("{FAE04EC0-301F-11D3-BF4B-00C04F79EFBC}") = "WindowsFormsAppCRUD", "WindowsFormsAppCRUD.csproj", "{01DA0B3D-FBF8-4894-8B24-928A6E88951A}"
EndProject
Global
	GlobalSection(SolutionConfigurationPlatforms) = preSolution
		Debug|Any CPU = Debug|Any CPU
		Release|Any CPU = Release|Any CPU
	EndGlobalSection
	GlobalSection(ProjectConfigurationPlatforms) = postSolution
		{01DA0B3D-FBF8-4894-8B24-928A6E88951A}.Debug|Any CPU.ActiveCfg = Debug|Any CPU
		{01DA0B3D-FBF8-4894-8B24-928A6E88951A}.Debug|Any CPU.Build.0 = Debug|Any CPU
		{01DA0B3D-FBF8-4894-8B24-928A6E88951A}.Release|Any CPU.ActiveCfg = Release|Any CPU
		{01DA0B3D-FBF8-4894-8B24-928A6E88951A}.Release|Any CPU.Build.0 = Release|Any CPU
	EndGlobalSection
	GlobalSection(SolutionProperties) = preSolution
		HideSolutionNode = FALSE
	EndGlobalSection
	GlobalSection(ExtensibilityGlobals) = postSolution
		SolutionGuid = {47DD2F1C-2E60-417E-88BE-F92197FF02AA}
	EndGlobalSection
EndGlobal
